
Microsoft Visual Studio Solution File, Format Version 12.00
# Visual Studio 15
VisualStudioVersion = 15.0.27004.2008
MinimumVisualStudioVersion = 10.0.40219.1
Project("{FAE04EC0-301F-11D3-BF4B-00C04F79EFBC}") = "page_15", "page_15\page_15.csproj", "{567D4E74-94EB-4623-8772-11840AB5F92F}"
EndProject
Global
	GlobalSection(SolutionConfigurationPlatforms) = preSolution
		Debug|Any CPU = Debug|Any CPU
		Release|Any CPU = Release|Any CPU
	EndGlobalSection
	GlobalSection(ProjectConfigurationPlatforms) = postSolution
		{567D4E74-94EB-4623-8772-11840AB5F92F}.Debug|Any CPU.ActiveCfg = Debug|Any CPU
		{567D4E74-94EB-4623-8772-11840AB5F92F}.Debug|Any CPU.Build.0 = Debug|Any CPU
		{567D4E74-94EB-4623-8772-11840AB5F92F}.Release|Any CPU.ActiveCfg = Release|Any CPU
		{567D4E74-94EB-4623-8772-11840AB5F92F}.Release|Any CPU.Build.0 = Release|Any CPU
	EndGlobalSection
	GlobalSection(SolutionProperties) = preSolution
		HideSolutionNode = FALSE
	EndGlobalSection
	GlobalSection(ExtensibilityGlobals) = postSolution
		SolutionGuid = {6E02354D-7AD4-4F3E-BACB-852F2C74EE5F}
	EndGlobalSection
EndGlobal
